
Microsoft Visual Studio Solution File, Format Version 12.00
# Visual Studio Version 16
VisualStudioVersion = 16.0.28803.452
MinimumVisualStudioVersion = 10.0.40219.1
Project("{FAE04EC0-301F-11D3-BF4B-00C04F79EFBC}") = "Assignmentdemo", "Assignmentdemo\Assignmentdemo.csproj", "{F7B13CA9-784B-4E3F-BCF3-27CC7FFD1037}"
EndProject
Project("{FAE04EC0-301F-11D3-BF4B-00C04F79EFBC}") = "TestCase1", "TestCase1\TestCase1.csproj", "{8A3AED8E-EE18-4F39-ABE8-2D31900B5161}"
EndProject
Global
	GlobalSection(SolutionConfigurationPlatforms) = preSolution
		Debug|Any CPU = Debug|Any CPU
		Release|Any CPU = Release|Any CPU
	EndGlobalSection
	GlobalSection(ProjectConfigurationPlatforms) = postSolution
		{F7B13CA9-784B-4E3F-BCF3-27CC7FFD1037}.Debug|Any CPU.ActiveCfg = Debug|Any CPU
		{F7B13CA9-784B-4E3F-BCF3-27CC7FFD1037}.Debug|Any CPU.Build.0 = Debug|Any CPU
		{F7B13CA9-784B-4E3F-BCF3-27CC7FFD1037}.Release|Any CPU.ActiveCfg = Release|Any CPU
		{F7B13CA9-784B-4E3F-BCF3-27CC7FFD1037}.Release|Any CPU.Build.0 = Release|Any CPU
		{8A3AED8E-EE18-4F39-ABE8-2D31900B5161}.Debug|Any CPU.ActiveCfg = Debug|Any CPU
		{8A3AED8E-EE18-4F39-ABE8-2D31900B5161}.Debug|Any CPU.Build.0 = Debug|Any CPU
		{8A3AED8E-EE18-4F39-ABE8-2D31900B5161}.Release|Any CPU.ActiveCfg = Release|Any CPU
		{8A3AED8E-EE18-4F39-ABE8-2D31900B5161}.Release|Any CPU.Build.0 = Release|Any CPU
	EndGlobalSection
	GlobalSection(SolutionProperties) = preSolution
		HideSolutionNode = FALSE
	EndGlobalSection
	GlobalSection(ExtensibilityGlobals) = postSolution
		SolutionGuid = {68858688-DEC7-4B00-A649-71E5A4BF4689}
	EndGlobalSection
EndGlobal
